
Microsoft Visual Studio Solution File, Format Version 12.00
# Visual Studio 14
VisualStudioVersion = 14.0.23107.0
MinimumVisualStudioVersion = 10.0.40219.1
Project("{FAE04EC0-301F-11D3-BF4B-00C04F79EFBC}") = "Playground", "Playground\Playground.csproj", "{06452EC6-49E5-44B4-860B-5B2FA527D49D}"
EndProject
Project("{FAE04EC0-301F-11D3-BF4B-00C04F79EFBC}") = "Sentinel.Net4", "Sentinel.Net4\Sentinel.Net4.csproj", "{69B58DF3-D1F5-40FE-8C1E-F133B7B3B6B6}"
EndProject
Project("{FAE04EC0-301F-11D3-BF4B-00C04F79EFBC}") = "SimpleCache.Net4", "..\SimpleCache\SimpleCache.Net4\SimpleCache.Net4.csproj", "{5A320348-7AE0-421A-B3EC-25FF8FED4243}"
EndProject
Project("{D954291E-2A0B-460D-934E-DC6B0785DB48}") = "Sentinel.Core", "Sentinel.Core\Sentinel.Core.shproj", "{7B92BD8D-8B7C-483C-9F8A-745CA34E8969}"
EndProject
Project("{FAE04EC0-301F-11D3-BF4B-00C04F79EFBC}") = "Eve", "..\..\Eve.NET\Eve\Eve.csproj", "{DD88D007-AD10-470D-9C89-AA8EE39857D0}"
EndProject
Global
	GlobalSection(SharedMSBuildProjectFiles) = preSolution
		Sentinel.Core\Sentinel.Core.projitems*{7b92bd8d-8b7c-483c-9f8a-745ca34e8969}*SharedItemsImports = 13
		..\SimpleCache\SimpleCache.Core\SimpleCache.Core.projitems*{5a320348-7ae0-421a-b3ec-25ff8fed4243}*SharedItemsImports = 4
		Sentinel.Core\Sentinel.Core.projitems*{69b58df3-d1f5-40fe-8c1e-f133b7b3b6b6}*SharedItemsImports = 4
	EndGlobalSection
	GlobalSection(SolutionConfigurationPlatforms) = preSolution
		Debug|Any CPU = Debug|Any CPU
		Release|Any CPU = Release|Any CPU
	EndGlobalSection
	GlobalSection(ProjectConfigurationPlatforms) = postSolution
		{06452EC6-49E5-44B4-860B-5B2FA527D49D}.Debug|Any CPU.ActiveCfg = Debug|Any CPU
		{06452EC6-49E5-44B4-860B-5B2FA527D49D}.Debug|Any CPU.Build.0 = Debug|Any CPU
		{06452EC6-49E5-44B4-860B-5B2FA527D49D}.Release|Any CPU.ActiveCfg = Release|Any CPU
		{06452EC6-49E5-44B4-860B-5B2FA527D49D}.Release|Any CPU.Build.0 = Release|Any CPU
		{69B58DF3-D1F5-40FE-8C1E-F133B7B3B6B6}.Debug|Any CPU.ActiveCfg = Debug|Any CPU
		{69B58DF3-D1F5-40FE-8C1E-F133B7B3B6B6}.Debug|Any CPU.Build.0 = Debug|Any CPU
		{69B58DF3-D1F5-40FE-8C1E-F133B7B3B6B6}.Release|Any CPU.ActiveCfg = Release|Any CPU
		{69B58DF3-D1F5-40FE-8C1E-F133B7B3B6B6}.Release|Any CPU.Build.0 = Release|Any CPU
		{5A320348-7AE0-421A-B3EC-25FF8FED4243}.Debug|Any CPU.ActiveCfg = Debug|Any CPU
		{5A320348-7AE0-421A-B3EC-25FF8FED4243}.Debug|Any CPU.Build.0 = Debug|Any CPU
		{5A320348-7AE0-421A-B3EC-25FF8FED4243}.Release|Any CPU.ActiveCfg = Release|Any CPU
		{5A320348-7AE0-421A-B3EC-25FF8FED4243}.Release|Any CPU.Build.0 = Release|Any CPU
		{DD88D007-AD10-470D-9C89-AA8EE39857D0}.Debug|Any CPU.ActiveCfg = Debug|Any CPU
		{DD88D007-AD10-470D-9C89-AA8EE39857D0}.Debug|Any CPU.Build.0 = Debug|Any CPU
		{DD88D007-AD10-470D-9C89-AA8EE39857D0}.Release|Any CPU.ActiveCfg = Release|Any CPU
		{DD88D007-AD10-470D-9C89-AA8EE39857D0}.Release|Any CPU.Build.0 = Release|Any CPU
	EndGlobalSection
	GlobalSection(SolutionProperties) = preSolution
		HideSolutionNode = FALSE
	EndGlobalSection
EndGlobal
