
Microsoft Visual Studio Solution File, Format Version 12.00
# Visual Studio 14
VisualStudioVersion = 14.0.25420.1
MinimumVisualStudioVersion = 10.0.40219.1
Project("{FAE04EC0-301F-11D3-BF4B-00C04F79EFBC}") = "Playground", "Playground\Playground.csproj", "{06452EC6-49E5-44B4-860B-5B2FA527D49D}"
EndProject
Project("{FAE04EC0-301F-11D3-BF4B-00C04F79EFBC}") = "Eve", "..\..\Eve.NET\Eve\Eve.csproj", "{DD88D007-AD10-470D-9C89-AA8EE39857D0}"
EndProject
Project("{FAE04EC0-301F-11D3-BF4B-00C04F79EFBC}") = "Sentinel", "Sentinel\Sentinel.csproj", "{C587A81C-22F9-4804-A529-424BC522AA88}"
EndProject
Global
	GlobalSection(SolutionConfigurationPlatforms) = preSolution
		Debug|Any CPU = Debug|Any CPU
		Release|Any CPU = Release|Any CPU
	EndGlobalSection
	GlobalSection(ProjectConfigurationPlatforms) = postSolution
		{06452EC6-49E5-44B4-860B-5B2FA527D49D}.Debug|Any CPU.ActiveCfg = Debug|Any CPU
		{06452EC6-49E5-44B4-860B-5B2FA527D49D}.Debug|Any CPU.Build.0 = Debug|Any CPU
		{06452EC6-49E5-44B4-860B-5B2FA527D49D}.Release|Any CPU.ActiveCfg = Release|Any CPU
		{06452EC6-49E5-44B4-860B-5B2FA527D49D}.Release|Any CPU.Build.0 = Release|Any CPU
		{DD88D007-AD10-470D-9C89-AA8EE39857D0}.Debug|Any CPU.ActiveCfg = Debug|Any CPU
		{DD88D007-AD10-470D-9C89-AA8EE39857D0}.Debug|Any CPU.Build.0 = Debug|Any CPU
		{DD88D007-AD10-470D-9C89-AA8EE39857D0}.Release|Any CPU.ActiveCfg = Release|Any CPU
		{DD88D007-AD10-470D-9C89-AA8EE39857D0}.Release|Any CPU.Build.0 = Release|Any CPU
		{C587A81C-22F9-4804-A529-424BC522AA88}.Debug|Any CPU.ActiveCfg = Debug|Any CPU
		{C587A81C-22F9-4804-A529-424BC522AA88}.Debug|Any CPU.Build.0 = Debug|Any CPU
		{C587A81C-22F9-4804-A529-424BC522AA88}.Release|Any CPU.ActiveCfg = Release|Any CPU
		{C587A81C-22F9-4804-A529-424BC522AA88}.Release|Any CPU.Build.0 = Release|Any CPU
	EndGlobalSection
	GlobalSection(SolutionProperties) = preSolution
		HideSolutionNode = FALSE
	EndGlobalSection
EndGlobal
